
Microsoft Visual Studio Solution File, Format Version 12.00
# Visual Studio 15
VisualStudioVersion = 15.0.27703.2035
MinimumVisualStudioVersion = 10.0.40219.1
Project("{FAE04EC0-301F-11D3-BF4B-00C04F79EFBC}") = "Backend", "Backend\Backend.csproj", "{F804FE68-365A-45B1-8594-534810D1EFE5}"
EndProject
Global
	GlobalSection(SolutionConfigurationPlatforms) = preSolution
		Debug|Any CPU = Debug|Any CPU
		Release|Any CPU = Release|Any CPU
	EndGlobalSection
	GlobalSection(ProjectConfigurationPlatforms) = postSolution
		{F804FE68-365A-45B1-8594-534810D1EFE5}.Debug|Any CPU.ActiveCfg = Debug|Any CPU
		{F804FE68-365A-45B1-8594-534810D1EFE5}.Debug|Any CPU.Build.0 = Debug|Any CPU
		{F804FE68-365A-45B1-8594-534810D1EFE5}.Release|Any CPU.ActiveCfg = Release|Any CPU
		{F804FE68-365A-45B1-8594-534810D1EFE5}.Release|Any CPU.Build.0 = Release|Any CPU
	EndGlobalSection
	GlobalSection(SolutionProperties) = preSolution
		HideSolutionNode = FALSE
	EndGlobalSection
	GlobalSection(ExtensibilityGlobals) = postSolution
		SolutionGuid = {3E4E1FE1-88A7-497E-90BA-3CE06F152689}
	EndGlobalSection
EndGlobal
